
Microsoft Visual Studio Solution File, Format Version 12.00
# Visual Studio Version 17
VisualStudioVersion = 17.10.35201.131
MinimumVisualStudioVersion = 10.0.40219.1
Project("{9A19103F-16F7-4668-BE54-9A1E7A4F7556}") = "NZWalks.API", "NZWalks.API\NZWalks.API.csproj", "{F64E505D-EA58-4092-84FE-CB56CAE37EA6}"
EndProject
Project("{FAE04EC0-301F-11D3-BF4B-00C04F79EFBC}") = "NZWalks.UI", "NZWalks.UI\NZWalks.UI.csproj", "{941B24C2-834B-4DDC-B47A-C6CF0F348294}"
EndProject
Global
	GlobalSection(SolutionConfigurationPlatforms) = preSolution
		Debug|Any CPU = Debug|Any CPU
		Release|Any CPU = Release|Any CPU
	EndGlobalSection
	GlobalSection(ProjectConfigurationPlatforms) = postSolution
		{F64E505D-EA58-4092-84FE-CB56CAE37EA6}.Debug|Any CPU.ActiveCfg = Debug|Any CPU
		{F64E505D-EA58-4092-84FE-CB56CAE37EA6}.Debug|Any CPU.Build.0 = Debug|Any CPU
		{F64E505D-EA58-4092-84FE-CB56CAE37EA6}.Release|Any CPU.ActiveCfg = Release|Any CPU
		{F64E505D-EA58-4092-84FE-CB56CAE37EA6}.Release|Any CPU.Build.0 = Release|Any CPU
		{941B24C2-834B-4DDC-B47A-C6CF0F348294}.Debug|Any CPU.ActiveCfg = Debug|Any CPU
		{941B24C2-834B-4DDC-B47A-C6CF0F348294}.Debug|Any CPU.Build.0 = Debug|Any CPU
		{941B24C2-834B-4DDC-B47A-C6CF0F348294}.Release|Any CPU.ActiveCfg = Release|Any CPU
		{941B24C2-834B-4DDC-B47A-C6CF0F348294}.Release|Any CPU.Build.0 = Release|Any CPU
	EndGlobalSection
	GlobalSection(SolutionProperties) = preSolution
		HideSolutionNode = FALSE
	EndGlobalSection
	GlobalSection(ExtensibilityGlobals) = postSolution
		SolutionGuid = {AC5839C8-82D7-4EB6-A7B0-0C2F085E1CE0}
	EndGlobalSection
EndGlobal
